{
  "name": "n-1game",
  "lockfileVersion": 3,
  "requires": true,
  "packages": {
    "": {
      "dependencies": {
        "@skedwards88/word_lists": "^3.0.19"
      }
    },
    "node_modules/@skedwards88/word_lists": {
      "version": "3.0.19",
      "resolved": "https://registry.npmjs.org/@skedwards88/word_lists/-/word_lists-3.0.19.tgz",
      "integrity": "sha512-TzkhmPEnCY1VMivCqkpFKjlfPF86v69fZxPAb93iosGTEXwj9HHv65RBNSpMyuY0Z9Ob/B88ZP5Wmq6l51VTLQ==",
      "license": "CC-BY-NC"
    }
  }
}
